
Microsoft Visual Studio Solution File, Format Version 12.00
# Visual Studio 14
VisualStudioVersion = 14.0.25420.1
MinimumVisualStudioVersion = 10.0.40219.1
Project("{FAE04EC0-301F-11D3-BF4B-00C04F79EFBC}") = "TVR_Nadzor_2.2", "TVR_Nadzor_v01\TVR_Nadzor_2.2.csproj", "{DAF5C5FC-6FFB-4B30-8789-B808A18BB213}"
EndProject
Project("{54435603-DBB4-11D2-8724-00A0C9A8B90C}") = "TVR_Nadzor_v2.2Setup", "TVR_NadzorSetup\TVR_NadzorSetup.vdproj", "{C1BCB518-BCF2-49F8-AACE-F758D18B3D41}"
EndProject
Project("{2150E333-8FDC-42A3-9474-1A3956D46DE8}") = "DataModels", "DataModels", "{70AE5969-26B0-4B96-B9BD-DEDDCDACEF64}"
	ProjectSection(SolutionItems) = preProject
		TVR_Nadzor_v01\DataModel\SidebarStats.cs = TVR_Nadzor_v01\DataModel\SidebarStats.cs
	EndProjectSection
EndProject
Global
	GlobalSection(SolutionConfigurationPlatforms) = preSolution
		Debug|Any CPU = Debug|Any CPU
		Release|Any CPU = Release|Any CPU
	EndGlobalSection
	GlobalSection(ProjectConfigurationPlatforms) = postSolution
		{DAF5C5FC-6FFB-4B30-8789-B808A18BB213}.Debug|Any CPU.ActiveCfg = Debug|Any CPU
		{DAF5C5FC-6FFB-4B30-8789-B808A18BB213}.Debug|Any CPU.Build.0 = Debug|Any CPU
		{DAF5C5FC-6FFB-4B30-8789-B808A18BB213}.Release|Any CPU.ActiveCfg = Release|Any CPU
		{DAF5C5FC-6FFB-4B30-8789-B808A18BB213}.Release|Any CPU.Build.0 = Release|Any CPU
		{C1BCB518-BCF2-49F8-AACE-F758D18B3D41}.Debug|Any CPU.ActiveCfg = Debug
		{C1BCB518-BCF2-49F8-AACE-F758D18B3D41}.Release|Any CPU.ActiveCfg = Release
	EndGlobalSection
	GlobalSection(SolutionProperties) = preSolution
		HideSolutionNode = FALSE
	EndGlobalSection
EndGlobal
